{
  "name": "typescript",
  "version": "0.0.0",
  "lockfileVersion": 1,
  "requires": true,
  "dependencies": {
    "@polymer/polymer": {
      "version": "3.2.0",
      "resolved": "https://registry.npmjs.org/@polymer/polymer/-/polymer-3.2.0.tgz",
      "integrity": "sha512-L6uV1oM6T6xbwbVx6t3biG5T2VSSB03LxnIrUd9M2pr6RkHVPFHJ37pC5MUwBAEhkGFJif7eks7fdMMSGZTeEQ==",
      "requires": {
        "@webcomponents/shadycss": "^1.8.0"
      }
    },
    "@types/react": {
      "version": "15.6.23",
      "resolved": "https://registry.npmjs.org/@types/react/-/react-15.6.23.tgz",
      "integrity": "sha512-dghpakpAX5ZGHKgtzDg47/7ZEtQHXDSNP+x1yKrQ8EKuMLHmJgp6DBmKYx3cdtF5LOouEkTI78NMlRbANGUNeA=="
    },
    "@types/react-dom": {
      "version": "15.5.10",
      "resolved": "https://registry.npmjs.org/@types/react-dom/-/react-dom-15.5.10.tgz",
      "integrity": "sha512-N30VU1b4xJcWGEKeMvwxPWbQMlxEMj1tTK72771PtQuf0vz6P81wg5i152zqm865wZVYGIZymtYEY+XYTLL+YQ==",
      "requires": {
        "@types/react": "^15"
      }
    },
    "@webcomponents/shadycss": {
      "version": "1.9.0",
      "resolved": "https://registry.npmjs.org/@webcomponents/shadycss/-/shadycss-1.9.0.tgz",
      "integrity": "sha512-g8Xa+6RSEME4g/wLJW4YII0eq15rvXp76RxPAuv7hx+Bdoi7GzZJ/EoZOUfyIbqAsQbII1TcWD4/+Xhs5NcM1w=="
    },
    "litemol": {
      "version": "2.4.1",
      "resolved": "https://registry.npmjs.org/litemol/-/litemol-2.4.1.tgz",
      "integrity": "sha512-yvojpHA6r5WTMfIRSbPZh2ayDJnz5OWP+M4Y4nx1ne2JNI+pF2AlIHCxqcxCrr41d8XWtdVIqWbMYVB1ZaKKrA==",
      "requires": {
        "@types/react": "^15.6.16",
        "@types/react-dom": "^15.5.6"
      }
    }
  }
}
